// !$*UTF8*$!
{
	archiveVersion = 1;
	classes = {
	};
	objectVersion = 46;
	objects = {

/* Begin PBXBuildFile section */
		632B29641CBCE34D0082988D /* AppDelegate.swift in Sources */ = {isa = PBXBuildFile; fileRef = 632B29631CBCE34D0082988D /* AppDelegate.swift */; };
		632B29661CBCE34D0082988D /* ViewController.swift in Sources */ = {isa = PBXBuildFile; fileRef = 632B29651CBCE34D0082988D /* ViewController.swift */; };
		632B29691CBCE34D0082988D /* Main.storyboard in Resources */ = {isa = PBXBuildFile; fileRef = 632B29671CBCE34D0082988D /* Main.storyboard */; };
		632B296B1CBCE34D0082988D /* Assets.xcassets in Resources */ = {isa = PBXBuildFile; fileRef = 632B296A1CBCE34D0082988D /* Assets.xcassets */; };
		632B296E1CBCE34D0082988D /* LaunchScreen.storyboard in Resources */ = {isa = PBXBuildFile; fileRef = 632B296C1CBCE34D0082988D /* LaunchScreen.storyboard */; };
		632B29791CBCE34D0082988D /* TakatsukiBusStopTests.swift in Sources */ = {isa = PBXBuildFile; fileRef = 632B29781CBCE34D0082988D /* TakatsukiBusStopTests.swift */; };
		632B29841CBCE34E0082988D /* TakatsukiBusStopUITests.swift in Sources */ = {isa = PBXBuildFile; fileRef = 632B29831CBCE34E0082988D /* TakatsukiBusStopUITests.swift */; };
		632B29921CBCE3660082988D /* CoreLocation.framework in Frameworks */ = {isa = PBXBuildFile; fileRef = 632B29911CBCE3660082988D /* CoreLocation.framework */; };
		635DA1831CBDADF500F88075 /* KU_TakatsukiBusStop.csv in Resources */ = {isa = PBXBuildFile; fileRef = 635DA17F1CBDADF500F88075 /* KU_TakatsukiBusStop.csv */; };
		635DA1841CBDADF500F88075 /* KU_TondaBusStop.csv in Resources */ = {isa = PBXBuildFile; fileRef = 635DA1801CBDADF500F88075 /* KU_TondaBusStop.csv */; };
		635DA1851CBDADF500F88075 /* TakatsukiBusStop.csv in Resources */ = {isa = PBXBuildFile; fileRef = 635DA1811CBDADF500F88075 /* TakatsukiBusStop.csv */; };
		635DA1861CBDADF500F88075 /* TondaBusStop.csv in Resources */ = {isa = PBXBuildFile; fileRef = 635DA1821CBDADF500F88075 /* TondaBusStop.csv */; };
		635DA1881CBE20C100F88075 /* Nonstop.png in Resources */ = {isa = PBXBuildFile; fileRef = 635DA1871CBE20C100F88075 /* Nonstop.png */; };
		635DA18A1CBE20C800F88075 /* background.png in Resources */ = {isa = PBXBuildFile; fileRef = 635DA1891CBE20C800F88075 /* background.png */; };
/* End PBXBuildFile section */

/* Begin PBXContainerItemProxy section */
		632B29751CBCE34D0082988D /* PBXContainerItemProxy */ = {
			isa = PBXContainerItemProxy;
			containerPortal = 632B29581CBCE34D0082988D /* Project object */;
			proxyType = 1;
			remoteGlobalIDString = 632B295F1CBCE34D0082988D;
			remoteInfo = TakatsukiBusStop;
		};
		632B29801CBCE34E0082988D /* PBXContainerItemProxy */ = {
			isa = PBXContainerItemProxy;
			containerPortal = 632B29581CBCE34D0082988D /* Project object */;
			proxyType = 1;
			remoteGlobalIDString = 632B295F1CBCE34D0082988D;
			remoteInfo = TakatsukiBusStop;
		};
/* End PBXContainerItemProxy section */

/* Begin PBXFileReference section */
		632B29601CBCE34D0082988D /* TakatsukiBusStop.app */ = {isa = PBXFileReference; explicitFileType = wrapper.application; includeInIndex = 0; path = TakatsukiBusStop.app; sourceTree = BUILT_PRODUCTS_DIR; };
		632B29631CBCE34D0082988D /* AppDelegate.swift */ = {isa = PBXFileReference; lastKnownFileType = sourcecode.swift; path = AppDelegate.swift; sourceTree = "<group>"; };
		632B29651CBCE34D0082988D /* ViewController.swift */ = {isa = PBXFileReference; lastKnownFileType = sourcecode.swift; path = ViewController.swift; sourceTree = "<group>"; };
		632B29681CBCE34D0082988D /* Base */ = {isa = PBXFileReference; lastKnownFileType = file.storyboard; name = Base; path = Base.lproj/Main.storyboard; sourceTree = "<group>"; };
		632B296A1CBCE34D0082988D /* Assets.xcassets */ = {isa = PBXFileReference; lastKnownFileType = folder.assetcatalog; path = Assets.xcassets; sourceTree = "<group>"; };
		632B296D1CBCE34D0082988D /* Base */ = {isa = PBXFileReference; lastKnownFileType = file.storyboard; name = Base; path = Base.lproj/LaunchScreen.storyboard; sourceTree = "<group>"; };
		632B296F1CBCE34D0082988D /* Info.plist */ = {isa = PBXFileReference; lastKnownFileType = text.plist.xml; path = Info.plist; sourceTree = "<group>"; };
		632B29741CBCE34D0082988D /* TakatsukiBusStopTests.xctest */ = {isa = PBXFileReference; explicitFileType = wrapper.cfbundle; includeInIndex = 0; path = TakatsukiBusStopTests.xctest; sourceTree = BUILT_PRODUCTS_DIR; };
		632B29781CBCE34D0082988D /* TakatsukiBusStopTests.swift */ = {isa = PBXFileReference; lastKnownFileType = sourcecode.swift; path = TakatsukiBusStopTests.swift; sourceTree = "<group>"; };
		632B297A1CBCE34D0082988D /* Info.plist */ = {isa = PBXFileReference; lastKnownFileType = text.plist.xml; path = Info.plist; sourceTree = "<group>"; };
		632B297F1CBCE34E0082988D /* TakatsukiBusStopUITests.xctest */ = {isa = PBXFileReference; explicitFileType = wrapper.cfbundle; includeInIndex = 0; path = TakatsukiBusStopUITests.xctest; sourceTree = BUILT_PRODUCTS_DIR; };
		632B29831CBCE34E0082988D /* TakatsukiBusStopUITests.swift */ = {isa = PBXFileReference; lastKnownFileType = sourcecode.swift; path = TakatsukiBusStopUITests.swift; sourceTree = "<group>"; };
		632B29851CBCE34E0082988D /* Info.plist */ = {isa = PBXFileReference; lastKnownFileType = text.plist.xml; path = Info.plist; sourceTree = "<group>"; };
		632B29911CBCE3660082988D /* CoreLocation.framework */ = {isa = PBXFileReference; lastKnownFileType = wrapper.framework; name = CoreLocation.framework; path = System/Library/Frameworks/CoreLocation.framework; sourceTree = SDKROOT; };
		635DA17F1CBDADF500F88075 /* KU_TakatsukiBusStop.csv */ = {isa = PBXFileReference; fileEncoding = 4; lastKnownFileType = text; lineEnding = 1; path = KU_TakatsukiBusStop.csv; sourceTree = SOURCE_ROOT; };
		635DA1801CBDADF500F88075 /* KU_TondaBusStop.csv */ = {isa = PBXFileReference; fileEncoding = 4; lastKnownFileType = text; lineEnding = 1; path = KU_TondaBusStop.csv; sourceTree = SOURCE_ROOT; };
		635DA1811CBDADF500F88075 /* TakatsukiBusStop.csv */ = {isa = PBXFileReference; fileEncoding = 4; lastKnownFileType = text; lineEnding = 0; path = TakatsukiBusStop.csv; sourceTree = SOURCE_ROOT; };
		635DA1821CBDADF500F88075 /* TondaBusStop.csv */ = {isa = PBXFileReference; fileEncoding = 4; lastKnownFileType = text; lineEnding = 1; path = TondaBusStop.csv; sourceTree = SOURCE_ROOT; };
		635DA1871CBE20C100F88075 /* Nonstop.png */ = {isa = PBXFileReference; lastKnownFileType = image.png; path = Nonstop.png; sourceTree = SOURCE_ROOT; };
		635DA1891CBE20C800F88075 /* background.png */ = {isa = PBXFileReference; lastKnownFileType = image.png; name = background.png; path = ../background.png; sourceTree = "<group>"; };
/* End PBXFileReference section */

/* Begin PBXFrameworksBuildPhase section */
		632B295D1CBCE34D0082988D /* Frameworks */ = {
			isa = PBXFrameworksBuildPhase;
			buildActionMask = 2147483647;
			files = (
				632B29921CBCE3660082988D /* CoreLocation.framework in Frameworks */,
			);
			runOnlyForDeploymentPostprocessing = 0;
		};
		632B29711CBCE34D0082988D /* Frameworks */ = {
			isa = PBXFrameworksBuildPhase;
			buildActionMask = 2147483647;
			files = (
			);
			runOnlyForDeploymentPostprocessing = 0;
		};
		632B297C1CBCE34D0082988D /* Frameworks */ = {
			isa = PBXFrameworksBuildPhase;
			buildActionMask = 2147483647;
			files = (
			);
			runOnlyForDeploymentPostprocessing = 0;
		};
/* End PBXFrameworksBuildPhase section */

/* Begin PBXGroup section */
		632B29571CBCE34D0082988D = {
			isa = PBXGroup;
			children = (
				632B29911CBCE3660082988D /* CoreLocation.framework */,
				632B29621CBCE34D0082988D /* TakatsukiBusStop */,
				632B29771CBCE34D0082988D /* TakatsukiBusStopTests */,
				632B29821CBCE34E0082988D /* TakatsukiBusStopUITests */,
				632B29611CBCE34D0082988D /* Products */,
			);
			sourceTree = "<group>";
		};
		632B29611CBCE34D0082988D /* Products */ = {
			isa = PBXGroup;
			children = (
				632B29601CBCE34D0082988D /* TakatsukiBusStop.app */,
				632B29741CBCE34D0082988D /* TakatsukiBusStopTests.xctest */,
				632B297F1CBCE34E0082988D /* TakatsukiBusStopUITests.xctest */,
			);
			name = Products;
			sourceTree = "<group>";
		};
		632B29621CBCE34D0082988D /* TakatsukiBusStop */ = {
			isa = PBXGroup;
			children = (
				632B29631CBCE34D0082988D /* AppDelegate.swift */,
				632B29651CBCE34D0082988D /* ViewController.swift */,
				632B29671CBCE34D0082988D /* Main.storyboard */,
				632B296A1CBCE34D0082988D /* Assets.xcassets */,
				632B296C1CBCE34D0082988D /* LaunchScreen.storyboard */,
				632B296F1CBCE34D0082988D /* Info.plist */,
				635DA17F1CBDADF500F88075 /* KU_TakatsukiBusStop.csv */,
				635DA1801CBDADF500F88075 /* KU_TondaBusStop.csv */,
				635DA1811CBDADF500F88075 /* TakatsukiBusStop.csv */,
				635DA1821CBDADF500F88075 /* TondaBusStop.csv */,
				635DA1871CBE20C100F88075 /* Nonstop.png */,
				635DA1891CBE20C800F88075 /* background.png */,
			);
			path = TakatsukiBusStop;
			sourceTree = "<group>";
		};
		632B29771CBCE34D0082988D /* TakatsukiBusStopTests */ = {
			isa = PBXGroup;
			children = (
				632B29781CBCE34D0082988D /* TakatsukiBusStopTests.swift */,
				632B297A1CBCE34D0082988D /* Info.plist */,
			);
			path = TakatsukiBusStopTests;
			sourceTree = "<group>";
		};
		632B29821CBCE34E0082988D /* TakatsukiBusStopUITests */ = {
			isa = PBXGroup;
			children = (
				632B29831CBCE34E0082988D /* TakatsukiBusStopUITests.swift */,
				632B29851CBCE34E0082988D /* Info.plist */,
			);
			path = TakatsukiBusStopUITests;
			sourceTree = "<group>";
		};
/* End PBXGroup section */

/* Begin PBXNativeTarget section */
		632B295F1CBCE34D0082988D /* TakatsukiBusStop */ = {
			isa = PBXNativeTarget;
			buildConfigurationList = 632B29881CBCE34E0082988D /* Build configuration list for PBXNativeTarget "TakatsukiBusStop" */;
			buildPhases = (
				632B295C1CBCE34D0082988D /* Sources */,
				632B295D1CBCE34D0082988D /* Frameworks */,
				632B295E1CBCE34D0082988D /* Resources */,
			);
			buildRules = (
			);
			dependencies = (
			);
			name = TakatsukiBusStop;
			productName = TakatsukiBusStop;
			productReference = 632B29601CBCE34D0082988D /* TakatsukiBusStop.app */;
			productType = "com.apple.product-type.application";
		};
		632B29731CBCE34D0082988D /* TakatsukiBusStopTests */ = {
			isa = PBXNativeTarget;
			buildConfigurationList = 632B298B1CBCE34E0082988D /* Build configuration list for PBXNativeTarget "TakatsukiBusStopTests" */;
			buildPhases = (
				632B29701CBCE34D0082988D /* Sources */,
				632B29711CBCE34D0082988D /* Frameworks */,
				632B29721CBCE34D0082988D /* Resources */,
			);
			buildRules = (
			);
			dependencies = (
				632B29761CBCE34D0082988D /* PBXTargetDependency */,
			);
			name = TakatsukiBusStopTests;
			productName = TakatsukiBusStopTests;
			productReference = 632B29741CBCE34D0082988D /* TakatsukiBusStopTests.xctest */;
			productType = "com.apple.product-type.bundle.unit-test";
		};
		632B297E1CBCE34D0082988D /* TakatsukiBusStopUITests */ = {
			isa = PBXNativeTarget;
			buildConfigurationList = 632B298E1CBCE34E0082988D /* Build configuration list for PBXNativeTarget "TakatsukiBusStopUITests" */;
			buildPhases = (
				632B297B1CBCE34D0082988D /* Sources */,
				632B297C1CBCE34D0082988D /* Frameworks */,
				632B297D1CBCE34D0082988D /* Resources */,
			);
			buildRules = (
			);
			dependencies = (
				632B29811CBCE34E0082988D /* PBXTargetDependency */,
			);
			name = TakatsukiBusStopUITests;
			productName = TakatsukiBusStopUITests;
			productReference = 632B297F1CBCE34E0082988D /* TakatsukiBusStopUITests.xctest */;
			productType = "com.apple.product-type.bundle.ui-testing";
		};
/* End PBXNativeTarget section */

/* Begin PBXProject section */
		632B29581CBCE34D0082988D /* Project object */ = {
			isa = PBXProject;
			attributes = {
				LastSwiftUpdateCheck = 0730;
				LastUpgradeCheck = 0730;
				ORGANIZATIONNAME = nwatabou;
				TargetAttributes = {
					632B295F1CBCE34D0082988D = {
						CreatedOnToolsVersion = 7.3;
						DevelopmentTeam = GXEN49NFED;
					};
					632B29731CBCE34D0082988D = {
						CreatedOnToolsVersion = 7.3;
						DevelopmentTeam = GXEN49NFED;
						TestTargetID = 632B295F1CBCE34D0082988D;
					};
					632B297E1CBCE34D0082988D = {
						CreatedOnToolsVersion = 7.3;
						DevelopmentTeam = GXEN49NFED;
						TestTargetID = 632B295F1CBCE34D0082988D;
					};
				};
			};
			buildConfigurationList = 632B295B1CBCE34D0082988D /* Build configuration list for PBXProject "TakatsukiBusStop" */;
			compatibilityVersion = "Xcode 3.2";
			developmentRegion = English;
			hasScannedForEncodings = 0;
			knownRegions = (
				en,
				Base,
			);
			mainGroup = 632B29571CBCE34D0082988D;
			productRefGroup = 632B29611CBCE34D0082988D /* Products */;
			projectDirPath = "";
			projectRoot = "";
			targets = (
				632B295F1CBCE34D0082988D /* TakatsukiBusStop */,
				632B29731CBCE34D0082988D /* TakatsukiBusStopTests */,
				632B297E1CBCE34D0082988D /* TakatsukiBusStopUITests */,
			);
		};
/* End PBXProject section */

/* Begin PBXResourcesBuildPhase section */
		632B295E1CBCE34D0082988D /* Resources */ = {
			isa = PBXResourcesBuildPhase;
			buildActionMask = 2147483647;
			files = (
				632B296E1CBCE34D0082988D /* LaunchScreen.storyboard in Resources */,
				635DA1851CBDADF500F88075 /* TakatsukiBusStop.csv in Resources */,
				635DA1831CBDADF500F88075 /* KU_TakatsukiBusStop.csv in Resources */,
				632B296B1CBCE34D0082988D /* Assets.xcassets in Resources */,
				632B29691CBCE34D0082988D /* Main.storyboard in Resources */,
				635DA1861CBDADF500F88075 /* TondaBusStop.csv in Resources */,
				635DA1841CBDADF500F88075 /* KU_TondaBusStop.csv in Resources */,
				635DA18A1CBE20C800F88075 /* background.png in Resources */,
				635DA1881CBE20C100F88075 /* Nonstop.png in Resources */,
			);
			runOnlyForDeploymentPostprocessing = 0;
		};
		632B29721CBCE34D0082988D /* Resources */ = {
			isa = PBXResourcesBuildPhase;
			buildActionMask = 2147483647;
			files = (
			);
			runOnlyForDeploymentPostprocessing = 0;
		};
		632B297D1CBCE34D0082988D /* Resources */ = {
			isa = PBXResourcesBuildPhase;
			buildActionMask = 2147483647;
			files = (
			);
			runOnlyForDeploymentPostprocessing = 0;
		};
/* End PBXResourcesBuildPhase section */

/* Begin PBXSourcesBuildPhase section */
		632B295C1CBCE34D0082988D /* Sources */ = {
			isa = PBXSourcesBuildPhase;
			buildActionMask = 2147483647;
			files = (
				632B29661CBCE34D0082988D /* ViewController.swift in Sources */,
				632B29641CBCE34D0082988D /* AppDelegate.swift in Sources */,
			);
			runOnlyForDeploymentPostprocessing = 0;
		};
		632B29701CBCE34D0082988D /* Sources */ = {
			isa = PBXSourcesBuildPhase;
			buildActionMask = 2147483647;
			files = (
				632B29791CBCE34D0082988D /* TakatsukiBusStopTests.swift in Sources */,
			);
			runOnlyForDeploymentPostprocessing = 0;
		};
		632B297B1CBCE34D0082988D /* Sources */ = {
			isa = PBXSourcesBuildPhase;
			buildActionMask = 2147483647;
			files = (
				632B29841CBCE34E0082988D /* TakatsukiBusStopUITests.swift in Sources */,
			);
			runOnlyForDeploymentPostprocessing = 0;
		};
/* End PBXSourcesBuildPhase section */

/* Begin PBXTargetDependency section */
		632B29761CBCE34D0082988D /* PBXTargetDependency */ = {
			isa = PBXTargetDependency;
			target = 632B295F1CBCE34D0082988D /* TakatsukiBusStop */;
			targetProxy = 632B29751CBCE34D0082988D /* PBXContainerItemProxy */;
		};
		632B29811CBCE34E0082988D /* PBXTargetDependency */ = {
			isa = PBXTargetDependency;
			target = 632B295F1CBCE34D0082988D /* TakatsukiBusStop */;
			targetProxy = 632B29801CBCE34E0082988D /* PBXContainerItemProxy */;
		};
/* End PBXTargetDependency section */

/* Begin PBXVariantGroup section */
		632B29671CBCE34D0082988D /* Main.storyboard */ = {
			isa = PBXVariantGroup;
			children = (
				632B29681CBCE34D0082988D /* Base */,
			);
			name = Main.storyboard;
			sourceTree = "<group>";
		};
		632B296C1CBCE34D0082988D /* LaunchScreen.storyboard */ = {
			isa = PBXVariantGroup;
			children = (
				632B296D1CBCE34D0082988D /* Base */,
			);
			name = LaunchScreen.storyboard;
			sourceTree = "<group>";
		};
/* End PBXVariantGroup section */

/* Begin XCBuildConfiguration section */
		632B29861CBCE34E0082988D /* Debug */ = {
			isa = XCBuildConfiguration;
			buildSettings = {
				ALWAYS_SEARCH_USER_PATHS = NO;
				CLANG_ANALYZER_NONNULL = YES;
				CLANG_CXX_LANGUAGE_STANDARD = "gnu++0x";
				CLANG_CXX_LIBRARY = "libc++";
				CLANG_ENABLE_MODULES = YES;
				CLANG_ENABLE_OBJC_ARC = YES;
				CLANG_WARN_BOOL_CONVERSION = YES;
				CLANG_WARN_CONSTANT_CONVERSION = YES;
				CLANG_WARN_DIRECT_OBJC_ISA_USAGE = YES_ERROR;
				CLANG_WARN_EMPTY_BODY = YES;
				CLANG_WARN_ENUM_CONVERSION = YES;
				CLANG_WARN_INT_CONVERSION = YES;
				CLANG_WARN_OBJC_ROOT_CLASS = YES_ERROR;
				CLANG_WARN_UNREACHABLE_CODE = YES;
				CLANG_WARN__DUPLICATE_METHOD_MATCH = YES;
				"CODE_SIGN_IDENTITY[sdk=iphoneos*]" = "iPhone Developer";
				COPY_PHASE_STRIP = NO;
				DEBUG_INFORMATION_FORMAT = dwarf;
				ENABLE_STRICT_OBJC_MSGSEND = YES;
				ENABLE_TESTABILITY = YES;
				GCC_C_LANGUAGE_STANDARD = gnu99;
				GCC_DYNAMIC_NO_PIC = NO;
				GCC_NO_COMMON_BLOCKS = YES;
				GCC_OPTIMIZATION_LEVEL = 0;
				GCC_PREPROCESSOR_DEFINITIONS = (
					"DEBUG=1",
					"$(inherited)",
				);
				GCC_WARN_64_TO_32_BIT_CONVERSION = YES;
				GCC_WARN_ABOUT_RETURN_TYPE = YES_ERROR;
				GCC_WARN_UNDECLARED_SELECTOR = YES;
				GCC_WARN_UNINITIALIZED_AUTOS = YES_AGGRESSIVE;
				GCC_WARN_UNUSED_FUNCTION = YES;
				GCC_WARN_UNUSED_VARIABLE = YES;
				IPHONEOS_DEPLOYMENT_TARGET = 9.3;
				MTL_ENABLE_DEBUG_INFO = YES;
				ONLY_ACTIVE_ARCH = YES;
				SDKROOT = iphoneos;
				SWIFT_OPTIMIZATION_LEVEL = "-Onone";
			};
			name = Debug;
		};
		632B29871CBCE34E0082988D /* Release */ = {
			isa = XCBuildConfiguration;
			buildSettings = {
				ALWAYS_SEARCH_USER_PATHS = NO;
				CLANG_ANALYZER_NONNULL = YES;
				CLANG_CXX_LANGUAGE_STANDARD = "gnu++0x";
				CLANG_CXX_LIBRARY = "libc++";
				CLANG_ENABLE_MODULES = YES;
				CLANG_ENABLE_OBJC_ARC = YES;
				CLANG_WARN_BOOL_CONVERSION = YES;
				CLANG_WARN_CONSTANT_CONVERSION = YES;
				CLANG_WARN_DIRECT_OBJC_ISA_USAGE = YES_ERROR;
				CLANG_WARN_EMPTY_BODY = YES;
				CLANG_WARN_ENUM_CONVERSION = YES;
				CLANG_WARN_INT_CONVERSION = YES;
				CLANG_WARN_OBJC_ROOT_CLASS = YES_ERROR;
				CLANG_WARN_UNREACHABLE_CODE = YES;
				CLANG_WARN__DUPLICATE_METHOD_MATCH = YES;
				"CODE_SIGN_IDENTITY[sdk=iphoneos*]" = "iPhone Developer";
				COPY_PHASE_STRIP = NO;
				DEBUG_INFORMATION_FORMAT = "dwarf-with-dsym";
				ENABLE_NS_ASSERTIONS = NO;
				ENABLE_STRICT_OBJC_MSGSEND = YES;
				GCC_C_LANGUAGE_STANDARD = gnu99;
				GCC_NO_COMMON_BLOCKS = YES;
				GCC_WARN_64_TO_32_BIT_CONVERSION = YES;
				GCC_WARN_ABOUT_RETURN_TYPE = YES_ERROR;
				GCC_WARN_UNDECLARED_SELECTOR = YES;
				GCC_WARN_UNINITIALIZED_AUTOS = YES_AGGRESSIVE;
				GCC_WARN_UNUSED_FUNCTION = YES;
				GCC_WARN_UNUSED_VARIABLE = YES;
				IPHONEOS_DEPLOYMENT_TARGET = 9.3;
				MTL_ENABLE_DEBUG_INFO = NO;
				SDKROOT = iphoneos;
				VALIDATE_PRODUCT = YES;
			};
			name = Release;
		};
		632B29891CBCE34E0082988D /* Debug */ = {
			isa = XCBuildConfiguration;
			buildSettings = {
				ASSETCATALOG_COMPILER_APPICON_NAME = AppIcon;
				INFOPLIST_FILE = TakatsukiBusStop/Info.plist;
				LD_RUNPATH_SEARCH_PATHS = "$(inherited) @executable_path/Frameworks";
				PRODUCT_BUNDLE_IDENTIFIER = nwatabou.TakatsukiBusStop;
				PRODUCT_NAME = "$(TARGET_NAME)";
			};
			name = Debug;
		};
		632B298A1CBCE34E0082988D /* Release */ = {
			isa = XCBuildConfiguration;
			buildSettings = {
				ASSETCATALOG_COMPILER_APPICON_NAME = AppIcon;
				INFOPLIST_FILE = TakatsukiBusStop/Info.plist;
				LD_RUNPATH_SEARCH_PATHS = "$(inherited) @executable_path/Frameworks";
				PRODUCT_BUNDLE_IDENTIFIER = nwatabou.TakatsukiBusStop;
				PRODUCT_NAME = "$(TARGET_NAME)";
			};
			name = Release;
		};
		632B298C1CBCE34E0082988D /* Debug */ = {
			isa = XCBuildConfiguration;
			buildSettings = {
				BUNDLE_LOADER = "$(TEST_HOST)";
				INFOPLIST_FILE = TakatsukiBusStopTests/Info.plist;
				LD_RUNPATH_SEARCH_PATHS = "$(inherited) @executable_path/Frameworks @loader_path/Frameworks";
				PRODUCT_BUNDLE_IDENTIFIER = nwatabou.TakatsukiBusStopTests;
				PRODUCT_NAME = "$(TARGET_NAME)";
				TEST_HOST = "$(BUILT_PRODUCTS_DIR)/TakatsukiBusStop.app/TakatsukiBusStop";
			};
			name = Debug;
		};
		632B298D1CBCE34E0082988D /* Release */ = {
			isa = XCBuildConfiguration;
			buildSettings = {
				BUNDLE_LOADER = "$(TEST_HOST)";
				INFOPLIST_FILE = TakatsukiBusStopTests/Info.plist;
				LD_RUNPATH_SEARCH_PATHS = "$(inherited) @executable_path/Frameworks @loader_path/Frameworks";
				PRODUCT_BUNDLE_IDENTIFIER = nwatabou.TakatsukiBusStopTests;
				PRODUCT_NAME = "$(TARGET_NAME)";
				TEST_HOST = "$(BUILT_PRODUCTS_DIR)/TakatsukiBusStop.app/TakatsukiBusStop";
			};
			name = Release;
		};
		632B298F1CBCE34E0082988D /* Debug */ = {
			isa = XCBuildConfiguration;
			buildSettings = {
				INFOPLIST_FILE = TakatsukiBusStopUITests/Info.plist;
				LD_RUNPATH_SEARCH_PATHS = "$(inherited) @executable_path/Frameworks @loader_path/Frameworks";
				PRODUCT_BUNDLE_IDENTIFIER = nwatabou.TakatsukiBusStopUITests;
				PRODUCT_NAME = "$(TARGET_NAME)";
				TEST_TARGET_NAME = TakatsukiBusStop;
			};
			name = Debug;
		};
		632B29901CBCE34E0082988D /* Release */ = {
			isa = XCBuildConfiguration;
			buildSettings = {
				INFOPLIST_FILE = TakatsukiBusStopUITests/Info.plist;
				LD_RUNPATH_SEARCH_PATHS = "$(inherited) @executable_path/Frameworks @loader_path/Frameworks";
				PRODUCT_BUNDLE_IDENTIFIER = nwatabou.TakatsukiBusStopUITests;
				PRODUCT_NAME = "$(TARGET_NAME)";
				TEST_TARGET_NAME = TakatsukiBusStop;
			};
			name = Release;
		};
/* End XCBuildConfiguration section */

/* Begin XCConfigurationList section */
		632B295B1CBCE34D0082988D /* Build configuration list for PBXProject "TakatsukiBusStop" */ = {
			isa = XCConfigurationList;
			buildConfigurations = (
				632B29861CBCE34E0082988D /* Debug */,
				632B29871CBCE34E0082988D /* Release */,
			);
			defaultConfigurationIsVisible = 0;
			defaultConfigurationName = Release;
		};
		632B29881CBCE34E0082988D /* Build configuration list for PBXNativeTarget "TakatsukiBusStop" */ = {
			isa = XCConfigurationList;
			buildConfigurations = (
				632B29891CBCE34E0082988D /* Debug */,
				632B298A1CBCE34E0082988D /* Release */,
			);
			defaultConfigurationIsVisible = 0;
			defaultConfigurationName = Release;
		};
		632B298B1CBCE34E0082988D /* Build configuration list for PBXNativeTarget "TakatsukiBusStopTests" */ = {
			isa = XCConfigurationList;
			buildConfigurations = (
				632B298C1CBCE34E0082988D /* Debug */,
				632B298D1CBCE34E0082988D /* Release */,
			);
			defaultConfigurationIsVisible = 0;
			defaultConfigurationName = Release;
		};
		632B298E1CBCE34E0082988D /* Build configuration list for PBXNativeTarget "TakatsukiBusStopUITests" */ = {
			isa = XCConfigurationList;
			buildConfigurations = (
				632B298F1CBCE34E0082988D /* Debug */,
				632B29901CBCE34E0082988D /* Release */,
			);
			defaultConfigurationIsVisible = 0;
			defaultConfigurationName = Release;
		};
/* End XCConfigurationList section */
	};
	rootObject = 632B29581CBCE34D0082988D /* Project object */;
}
